
Microsoft Visual Studio Solution File, Format Version 12.00
# Visual Studio Version 17
VisualStudioVersion = 17.1.32228.430
MinimumVisualStudioVersion = 10.0.40219.1
Project("{FAE04EC0-301F-11D3-BF4B-00C04F79EFBC}") = "Alt_Küme_Sayısı", "Alt_Küme_Sayısı.csproj", "{51406C15-46BD-4042-A236-7B1114FF4095}"
EndProject
Global
	GlobalSection(SolutionConfigurationPlatforms) = preSolution
		Debug|Any CPU = Debug|Any CPU
		Release|Any CPU = Release|Any CPU
	EndGlobalSection
	GlobalSection(ProjectConfigurationPlatforms) = postSolution
		{51406C15-46BD-4042-A236-7B1114FF4095}.Debug|Any CPU.ActiveCfg = Debug|Any CPU
		{51406C15-46BD-4042-A236-7B1114FF4095}.Debug|Any CPU.Build.0 = Debug|Any CPU
		{51406C15-46BD-4042-A236-7B1114FF4095}.Release|Any CPU.ActiveCfg = Release|Any CPU
		{51406C15-46BD-4042-A236-7B1114FF4095}.Release|Any CPU.Build.0 = Release|Any CPU
	EndGlobalSection
	GlobalSection(SolutionProperties) = preSolution
		HideSolutionNode = FALSE
	EndGlobalSection
	GlobalSection(ExtensibilityGlobals) = postSolution
		SolutionGuid = {918198BE-27D4-4941-9B64-A1DF0FBC4676}
	EndGlobalSection
EndGlobal
