
Microsoft Visual Studio Solution File, Format Version 12.00
# Visual Studio Version 17
VisualStudioVersion = 17.1.32228.430
MinimumVisualStudioVersion = 10.0.40219.1
Project("{FAE04EC0-301F-11D3-BF4B-00C04F79EFBC}") = "tas_kagıt_makas", "tas_kagıt_makas.csproj", "{DFE93E68-93D9-4DF4-AD1B-C9D5E4A307DD}"
EndProject
Global
	GlobalSection(SolutionConfigurationPlatforms) = preSolution
		Debug|Any CPU = Debug|Any CPU
		Release|Any CPU = Release|Any CPU
	EndGlobalSection
	GlobalSection(ProjectConfigurationPlatforms) = postSolution
		{DFE93E68-93D9-4DF4-AD1B-C9D5E4A307DD}.Debug|Any CPU.ActiveCfg = Debug|Any CPU
		{DFE93E68-93D9-4DF4-AD1B-C9D5E4A307DD}.Debug|Any CPU.Build.0 = Debug|Any CPU
		{DFE93E68-93D9-4DF4-AD1B-C9D5E4A307DD}.Release|Any CPU.ActiveCfg = Release|Any CPU
		{DFE93E68-93D9-4DF4-AD1B-C9D5E4A307DD}.Release|Any CPU.Build.0 = Release|Any CPU
	EndGlobalSection
	GlobalSection(SolutionProperties) = preSolution
		HideSolutionNode = FALSE
	EndGlobalSection
	GlobalSection(ExtensibilityGlobals) = postSolution
		SolutionGuid = {FA63F6DD-5156-4EA7-B10E-B6D0112A4B71}
	EndGlobalSection
EndGlobal
